// !$*UTF8*$!
{
	archiveVersion = 1;
	classes = {
	};
	objectVersion = 55;
	objects = {

/* Begin PBXBuildFile section */
		04C793D92876C5C100E3743A /* Movie_PlusApp.swift in Sources */ = {isa = PBXBuildFile; fileRef = 04C793D82876C5C100E3743A /* Movie_PlusApp.swift */; };
		04C793DB2876C5C100E3743A /* ContentView.swift in Sources */ = {isa = PBXBuildFile; fileRef = 04C793DA2876C5C100E3743A /* ContentView.swift */; };
		04C793DD2876C5C300E3743A /* Assets.xcassets in Resources */ = {isa = PBXBuildFile; fileRef = 04C793DC2876C5C300E3743A /* Assets.xcassets */; };
		04C793E02876C5C300E3743A /* Preview Assets.xcassets in Resources */ = {isa = PBXBuildFile; fileRef = 04C793DF2876C5C300E3743A /* Preview Assets.xcassets */; };
		04C793F02876CDCB00E3743A /* MovieCardRowView.swift in Sources */ = {isa = PBXBuildFile; fileRef = 04C793EF2876CDCB00E3743A /* MovieCardRowView.swift */; };
		04C793F62879490200E3743A /* FeedView.swift in Sources */ = {isa = PBXBuildFile; fileRef = 04C793F52879490200E3743A /* FeedView.swift */; };
/* End PBXBuildFile section */

/* Begin PBXFileReference section */
		04C793D52876C5C100E3743A /* Movie Plus.app */ = {isa = PBXFileReference; explicitFileType = wrapper.application; includeInIndex = 0; path = "Movie Plus.app"; sourceTree = BUILT_PRODUCTS_DIR; };
		04C793D82876C5C100E3743A /* Movie_PlusApp.swift */ = {isa = PBXFileReference; lastKnownFileType = sourcecode.swift; path = Movie_PlusApp.swift; sourceTree = "<group>"; };
		04C793DA2876C5C100E3743A /* ContentView.swift */ = {isa = PBXFileReference; lastKnownFileType = sourcecode.swift; path = ContentView.swift; sourceTree = "<group>"; };
		04C793DC2876C5C300E3743A /* Assets.xcassets */ = {isa = PBXFileReference; lastKnownFileType = folder.assetcatalog; path = Assets.xcassets; sourceTree = "<group>"; };
		04C793DF2876C5C300E3743A /* Preview Assets.xcassets */ = {isa = PBXFileReference; lastKnownFileType = folder.assetcatalog; path = "Preview Assets.xcassets"; sourceTree = "<group>"; };
		04C793EF2876CDCB00E3743A /* MovieCardRowView.swift */ = {isa = PBXFileReference; lastKnownFileType = sourcecode.swift; path = MovieCardRowView.swift; sourceTree = "<group>"; };
		04C793F52879490200E3743A /* FeedView.swift */ = {isa = PBXFileReference; lastKnownFileType = sourcecode.swift; path = FeedView.swift; sourceTree = "<group>"; };
/* End PBXFileReference section */

/* Begin PBXFrameworksBuildPhase section */
		04C793D22876C5C100E3743A /* Frameworks */ = {
			isa = PBXFrameworksBuildPhase;
			buildActionMask = 2147483647;
			files = (
			);
			runOnlyForDeploymentPostprocessing = 0;
		};
/* End PBXFrameworksBuildPhase section */

/* Begin PBXGroup section */
		04C793CC2876C5C100E3743A = {
			isa = PBXGroup;
			children = (
				04C793D72876C5C100E3743A /* Movie Plus */,
				04C793D62876C5C100E3743A /* Products */,
			);
			sourceTree = "<group>";
		};
		04C793D62876C5C100E3743A /* Products */ = {
			isa = PBXGroup;
			children = (
				04C793D52876C5C100E3743A /* Movie Plus.app */,
			);
			name = Products;
			sourceTree = "<group>";
		};
		04C793D72876C5C100E3743A /* Movie Plus */ = {
			isa = PBXGroup;
			children = (
				04C793E62876C98200E3743A /* Core */,
				04C793D82876C5C100E3743A /* Movie_PlusApp.swift */,
				04C793DA2876C5C100E3743A /* ContentView.swift */,
				04C793DC2876C5C300E3743A /* Assets.xcassets */,
				04C793DE2876C5C300E3743A /* Preview Content */,
			);
			path = "Movie Plus";
			sourceTree = "<group>";
		};
		04C793DE2876C5C300E3743A /* Preview Content */ = {
			isa = PBXGroup;
			children = (
				04C793DF2876C5C300E3743A /* Preview Assets.xcassets */,
			);
			path = "Preview Content";
			sourceTree = "<group>";
		};
		04C793E62876C98200E3743A /* Core */ = {
			isa = PBXGroup;
			children = (
				04C793F32879489F00E3743A /* Feed */,
				04C793ED2876CD6A00E3743A /* Components */,
				04C793E92876C9D600E3743A /* Authentication */,
			);
			path = Core;
			sourceTree = "<group>";
		};
		04C793E92876C9D600E3743A /* Authentication */ = {
			isa = PBXGroup;
			children = (
				04C793EA2876C9E000E3743A /* Views */,
			);
			path = Authentication;
			sourceTree = "<group>";
		};
		04C793EA2876C9E000E3743A /* Views */ = {
			isa = PBXGroup;
			children = (
			);
			path = Views;
			sourceTree = "<group>";
		};
		04C793ED2876CD6A00E3743A /* Components */ = {
			isa = PBXGroup;
			children = (
				04C793EE2876CDAC00E3743A /* Movies */,
			);
			path = Components;
			sourceTree = "<group>";
		};
		04C793EE2876CDAC00E3743A /* Movies */ = {
			isa = PBXGroup;
			children = (
				04C793EF2876CDCB00E3743A /* MovieCardRowView.swift */,
			);
			path = Movies;
			sourceTree = "<group>";
		};
		04C793F32879489F00E3743A /* Feed */ = {
			isa = PBXGroup;
			children = (
				04C793F4287948E800E3743A /* Views */,
			);
			path = Feed;
			sourceTree = "<group>";
		};
		04C793F4287948E800E3743A /* Views */ = {
			isa = PBXGroup;
			children = (
				04C793F52879490200E3743A /* FeedView.swift */,
			);
			path = Views;
			sourceTree = "<group>";
		};
/* End PBXGroup section */

/* Begin PBXNativeTarget section */
		04C793D42876C5C100E3743A /* Movie Plus */ = {
			isa = PBXNativeTarget;
			buildConfigurationList = 04C793E32876C5C300E3743A /* Build configuration list for PBXNativeTarget "Movie Plus" */;
			buildPhases = (
				04C793D12876C5C100E3743A /* Sources */,
				04C793D22876C5C100E3743A /* Frameworks */,
				04C793D32876C5C100E3743A /* Resources */,
			);
			buildRules = (
			);
			dependencies = (
			);
			name = "Movie Plus";
			productName = "Movie Plus";
			productReference = 04C793D52876C5C100E3743A /* Movie Plus.app */;
			productType = "com.apple.product-type.application";
		};
/* End PBXNativeTarget section */

/* Begin PBXProject section */
		04C793CD2876C5C100E3743A /* Project object */ = {
			isa = PBXProject;
			attributes = {
				BuildIndependentTargetsInParallel = 1;
				LastSwiftUpdateCheck = 1320;
				LastUpgradeCheck = 1320;
				TargetAttributes = {
					04C793D42876C5C100E3743A = {
						CreatedOnToolsVersion = 13.2.1;
					};
				};
			};
			buildConfigurationList = 04C793D02876C5C100E3743A /* Build configuration list for PBXProject "Movie Plus" */;
			compatibilityVersion = "Xcode 13.0";
			developmentRegion = en;
			hasScannedForEncodings = 0;
			knownRegions = (
				en,
				Base,
			);
			mainGroup = 04C793CC2876C5C100E3743A;
			productRefGroup = 04C793D62876C5C100E3743A /* Products */;
			projectDirPath = "";
			projectRoot = "";
			targets = (
				04C793D42876C5C100E3743A /* Movie Plus */,
			);
		};
/* End PBXProject section */

/* Begin PBXResourcesBuildPhase section */
		04C793D32876C5C100E3743A /* Resources */ = {
			isa = PBXResourcesBuildPhase;
			buildActionMask = 2147483647;
			files = (
				04C793E02876C5C300E3743A /* Preview Assets.xcassets in Resources */,
				04C793DD2876C5C300E3743A /* Assets.xcassets in Resources */,
			);
			runOnlyForDeploymentPostprocessing = 0;
		};
/* End PBXResourcesBuildPhase section */

/* Begin PBXSourcesBuildPhase section */
		04C793D12876C5C100E3743A /* Sources */ = {
			isa = PBXSourcesBuildPhase;
			buildActionMask = 2147483647;
			files = (
				04C793F62879490200E3743A /* FeedView.swift in Sources */,
				04C793DB2876C5C100E3743A /* ContentView.swift in Sources */,
				04C793D92876C5C100E3743A /* Movie_PlusApp.swift in Sources */,
				04C793F02876CDCB00E3743A /* MovieCardRowView.swift in Sources */,
			);
			runOnlyForDeploymentPostprocessing = 0;
		};
/* End PBXSourcesBuildPhase section */

/* Begin XCBuildConfiguration section */
		04C793E12876C5C300E3743A /* Debug */ = {
			isa = XCBuildConfiguration;
			buildSettings = {
				ALWAYS_SEARCH_USER_PATHS = NO;
				CLANG_ANALYZER_NONNULL = YES;
				CLANG_ANALYZER_NUMBER_OBJECT_CONVERSION = YES_AGGRESSIVE;
				CLANG_CXX_LANGUAGE_STANDARD = "gnu++17";
				CLANG_CXX_LIBRARY = "libc++";
				CLANG_ENABLE_MODULES = YES;
				CLANG_ENABLE_OBJC_ARC = YES;
				CLANG_ENABLE_OBJC_WEAK = YES;
				CLANG_WARN_BLOCK_CAPTURE_AUTORELEASING = YES;
				CLANG_WARN_BOOL_CONVERSION = YES;
				CLANG_WARN_COMMA = YES;
				CLANG_WARN_CONSTANT_CONVERSION = YES;
				CLANG_WARN_DEPRECATED_OBJC_IMPLEMENTATIONS = YES;
				CLANG_WARN_DIRECT_OBJC_ISA_USAGE = YES_ERROR;
				CLANG_WARN_DOCUMENTATION_COMMENTS = YES;
				CLANG_WARN_EMPTY_BODY = YES;
				CLANG_WARN_ENUM_CONVERSION = YES;
				CLANG_WARN_INFINITE_RECURSION = YES;
				CLANG_WARN_INT_CONVERSION = YES;
				CLANG_WARN_NON_LITERAL_NULL_CONVERSION = YES;
				CLANG_WARN_OBJC_IMPLICIT_RETAIN_SELF = YES;
				CLANG_WARN_OBJC_LITERAL_CONVERSION = YES;
				CLANG_WARN_OBJC_ROOT_CLASS = YES_ERROR;
				CLANG_WARN_QUOTED_INCLUDE_IN_FRAMEWORK_HEADER = YES;
				CLANG_WARN_RANGE_LOOP_ANALYSIS = YES;
				CLANG_WARN_STRICT_PROTOTYPES = YES;
				CLANG_WARN_SUSPICIOUS_MOVE = YES;
				CLANG_WARN_UNGUARDED_AVAILABILITY = YES_AGGRESSIVE;
				CLANG_WARN_UNREACHABLE_CODE = YES;
				CLANG_WARN__DUPLICATE_METHOD_MATCH = YES;
				COPY_PHASE_STRIP = NO;
				DEBUG_INFORMATION_FORMAT = dwarf;
				ENABLE_STRICT_OBJC_MSGSEND = YES;
				ENABLE_TESTABILITY = YES;
				GCC_C_LANGUAGE_STANDARD = gnu11;
				GCC_DYNAMIC_NO_PIC = NO;
				GCC_NO_COMMON_BLOCKS = YES;
				GCC_OPTIMIZATION_LEVEL = 0;
				GCC_PREPROCESSOR_DEFINITIONS = (
					"DEBUG=1",
					"$(inherited)",
				);
				GCC_WARN_64_TO_32_BIT_CONVERSION = YES;
				GCC_WARN_ABOUT_RETURN_TYPE = YES_ERROR;
				GCC_WARN_UNDECLARED_SELECTOR = YES;
				GCC_WARN_UNINITIALIZED_AUTOS = YES_AGGRESSIVE;
				GCC_WARN_UNUSED_FUNCTION = YES;
				GCC_WARN_UNUSED_VARIABLE = YES;
				IPHONEOS_DEPLOYMENT_TARGET = 15.2;
				MTL_ENABLE_DEBUG_INFO = INCLUDE_SOURCE;
				MTL_FAST_MATH = YES;
				ONLY_ACTIVE_ARCH = YES;
				SDKROOT = iphoneos;
				SWIFT_ACTIVE_COMPILATION_CONDITIONS = DEBUG;
				SWIFT_OPTIMIZATION_LEVEL = "-Onone";
			};
			name = Debug;
		};
		04C793E22876C5C300E3743A /* Release */ = {
			isa = XCBuildConfiguration;
			buildSettings = {
				ALWAYS_SEARCH_USER_PATHS = NO;
				CLANG_ANALYZER_NONNULL = YES;
				CLANG_ANALYZER_NUMBER_OBJECT_CONVERSION = YES_AGGRESSIVE;
				CLANG_CXX_LANGUAGE_STANDARD = "gnu++17";
				CLANG_CXX_LIBRARY = "libc++";
				CLANG_ENABLE_MODULES = YES;
				CLANG_ENABLE_OBJC_ARC = YES;
				CLANG_ENABLE_OBJC_WEAK = YES;
				CLANG_WARN_BLOCK_CAPTURE_AUTORELEASING = YES;
				CLANG_WARN_BOOL_CONVERSION = YES;
				CLANG_WARN_COMMA = YES;
				CLANG_WARN_CONSTANT_CONVERSION = YES;
				CLANG_WARN_DEPRECATED_OBJC_IMPLEMENTATIONS = YES;
				CLANG_WARN_DIRECT_OBJC_ISA_USAGE = YES_ERROR;
				CLANG_WARN_DOCUMENTATION_COMMENTS = YES;
				CLANG_WARN_EMPTY_BODY = YES;
				CLANG_WARN_ENUM_CONVERSION = YES;
				CLANG_WARN_INFINITE_RECURSION = YES;
				CLANG_WARN_INT_CONVERSION = YES;
				CLANG_WARN_NON_LITERAL_NULL_CONVERSION = YES;
				CLANG_WARN_OBJC_IMPLICIT_RETAIN_SELF = YES;
				CLANG_WARN_OBJC_LITERAL_CONVERSION = YES;
				CLANG_WARN_OBJC_ROOT_CLASS = YES_ERROR;
				CLANG_WARN_QUOTED_INCLUDE_IN_FRAMEWORK_HEADER = YES;
				CLANG_WARN_RANGE_LOOP_ANALYSIS = YES;
				CLANG_WARN_STRICT_PROTOTYPES = YES;
				CLANG_WARN_SUSPICIOUS_MOVE = YES;
				CLANG_WARN_UNGUARDED_AVAILABILITY = YES_AGGRESSIVE;
				CLANG_WARN_UNREACHABLE_CODE = YES;
				CLANG_WARN__DUPLICATE_METHOD_MATCH = YES;
				COPY_PHASE_STRIP = NO;
				DEBUG_INFORMATION_FORMAT = "dwarf-with-dsym";
				ENABLE_NS_ASSERTIONS = NO;
				ENABLE_STRICT_OBJC_MSGSEND = YES;
				GCC_C_LANGUAGE_STANDARD = gnu11;
				GCC_NO_COMMON_BLOCKS = YES;
				GCC_WARN_64_TO_32_BIT_CONVERSION = YES;
				GCC_WARN_ABOUT_RETURN_TYPE = YES_ERROR;
				GCC_WARN_UNDECLARED_SELECTOR = YES;
				GCC_WARN_UNINITIALIZED_AUTOS = YES_AGGRESSIVE;
				GCC_WARN_UNUSED_FUNCTION = YES;
				GCC_WARN_UNUSED_VARIABLE = YES;
				IPHONEOS_DEPLOYMENT_TARGET = 15.2;
				MTL_ENABLE_DEBUG_INFO = NO;
				MTL_FAST_MATH = YES;
				SDKROOT = iphoneos;
				SWIFT_COMPILATION_MODE = wholemodule;
				SWIFT_OPTIMIZATION_LEVEL = "-O";
				VALIDATE_PRODUCT = YES;
			};
			name = Release;
		};
		04C793E42876C5C300E3743A /* Debug */ = {
			isa = XCBuildConfiguration;
			buildSettings = {
				ASSETCATALOG_COMPILER_APPICON_NAME = AppIcon;
				ASSETCATALOG_COMPILER_GLOBAL_ACCENT_COLOR_NAME = AccentColor;
				CODE_SIGN_STYLE = Automatic;
				CURRENT_PROJECT_VERSION = 1;
				DEVELOPMENT_ASSET_PATHS = "\"Movie Plus/Preview Content\"";
				DEVELOPMENT_TEAM = NCGHUQHD22;
				ENABLE_PREVIEWS = YES;
				GENERATE_INFOPLIST_FILE = YES;
				INFOPLIST_KEY_UIApplicationSceneManifest_Generation = YES;
				INFOPLIST_KEY_UIApplicationSupportsIndirectInputEvents = YES;
				INFOPLIST_KEY_UILaunchScreen_Generation = YES;
				INFOPLIST_KEY_UISupportedInterfaceOrientations_iPad = "UIInterfaceOrientationPortrait UIInterfaceOrientationPortraitUpsideDown UIInterfaceOrientationLandscapeLeft UIInterfaceOrientationLandscapeRight";
				INFOPLIST_KEY_UISupportedInterfaceOrientations_iPhone = "UIInterfaceOrientationPortrait UIInterfaceOrientationLandscapeLeft UIInterfaceOrientationLandscapeRight";
				LD_RUNPATH_SEARCH_PATHS = (
					"$(inherited)",
					"@executable_path/Frameworks",
				);
				MARKETING_VERSION = 1.0;
				PRODUCT_BUNDLE_IDENTIFIER = "Sisitha-Jayawardhane.Movie-Plus";
				PRODUCT_NAME = "$(TARGET_NAME)";
				SWIFT_EMIT_LOC_STRINGS = YES;
				SWIFT_VERSION = 5.0;
				TARGETED_DEVICE_FAMILY = "1,2";
			};
			name = Debug;
		};
		04C793E52876C5C300E3743A /* Release */ = {
			isa = XCBuildConfiguration;
			buildSettings = {
				ASSETCATALOG_COMPILER_APPICON_NAME = AppIcon;
				ASSETCATALOG_COMPILER_GLOBAL_ACCENT_COLOR_NAME = AccentColor;
				CODE_SIGN_STYLE = Automatic;
				CURRENT_PROJECT_VERSION = 1;
				DEVELOPMENT_ASSET_PATHS = "\"Movie Plus/Preview Content\"";
				DEVELOPMENT_TEAM = NCGHUQHD22;
				ENABLE_PREVIEWS = YES;
				GENERATE_INFOPLIST_FILE = YES;
				INFOPLIST_KEY_UIApplicationSceneManifest_Generation = YES;
				INFOPLIST_KEY_UIApplicationSupportsIndirectInputEvents = YES;
				INFOPLIST_KEY_UILaunchScreen_Generation = YES;
				INFOPLIST_KEY_UISupportedInterfaceOrientations_iPad = "UIInterfaceOrientationPortrait UIInterfaceOrientationPortraitUpsideDown UIInterfaceOrientationLandscapeLeft UIInterfaceOrientationLandscapeRight";
				INFOPLIST_KEY_UISupportedInterfaceOrientations_iPhone = "UIInterfaceOrientationPortrait UIInterfaceOrientationLandscapeLeft UIInterfaceOrientationLandscapeRight";
				LD_RUNPATH_SEARCH_PATHS = (
					"$(inherited)",
					"@executable_path/Frameworks",
				);
				MARKETING_VERSION = 1.0;
				PRODUCT_BUNDLE_IDENTIFIER = "Sisitha-Jayawardhane.Movie-Plus";
				PRODUCT_NAME = "$(TARGET_NAME)";
				SWIFT_EMIT_LOC_STRINGS = YES;
				SWIFT_VERSION = 5.0;
				TARGETED_DEVICE_FAMILY = "1,2";
			};
			name = Release;
		};
/* End XCBuildConfiguration section */

/* Begin XCConfigurationList section */
		04C793D02876C5C100E3743A /* Build configuration list for PBXProject "Movie Plus" */ = {
			isa = XCConfigurationList;
			buildConfigurations = (
				04C793E12876C5C300E3743A /* Debug */,
				04C793E22876C5C300E3743A /* Release */,
			);
			defaultConfigurationIsVisible = 0;
			defaultConfigurationName = Release;
		};
		04C793E32876C5C300E3743A /* Build configuration list for PBXNativeTarget "Movie Plus" */ = {
			isa = XCConfigurationList;
			buildConfigurations = (
				04C793E42876C5C300E3743A /* Debug */,
				04C793E52876C5C300E3743A /* Release */,
			);
			defaultConfigurationIsVisible = 0;
			defaultConfigurationName = Release;
		};
/* End XCConfigurationList section */
	};
	rootObject = 04C793CD2876C5C100E3743A /* Project object */;
}
